// !$*UTF8*$!
{
	archiveVersion = 1;
	classes = {
	};
	objectVersion = 46;
	objects = {

/* Begin PBXBuildFile section */
		158309C06745C3DF0CA5B948 /* PebbleKit.framework in Frameworks */ = {isa = PBXBuildFile; fileRef = F08253C22A15CA80DDE51272 /* PebbleKit.framework */; settings = {ATTRIBUTES = (Required, ); }; };
		1DCE61391F6D86F4007EFCE0 /* AppDelegate.swift in Sources */ = {isa = PBXBuildFile; fileRef = 1DCE61381F6D86F4007EFCE0 /* AppDelegate.swift */; };
		1DCE613B1F6D86F4007EFCE0 /* ViewController.swift in Sources */ = {isa = PBXBuildFile; fileRef = 1DCE613A1F6D86F4007EFCE0 /* ViewController.swift */; };
		1DCE613E1F6D86F4007EFCE0 /* Main.storyboard in Resources */ = {isa = PBXBuildFile; fileRef = 1DCE613C1F6D86F4007EFCE0 /* Main.storyboard */; };
		1DCE61411F6D86F4007EFCE0 /* Drink_My_Pebble_Companion_App.xcdatamodeld in Sources */ = {isa = PBXBuildFile; fileRef = 1DCE613F1F6D86F4007EFCE0 /* Drink_My_Pebble_Companion_App.xcdatamodeld */; };
		1DCE61431F6D86F4007EFCE0 /* Assets.xcassets in Resources */ = {isa = PBXBuildFile; fileRef = 1DCE61421F6D86F4007EFCE0 /* Assets.xcassets */; };
		1DCE61461F6D86F4007EFCE0 /* LaunchScreen.storyboard in Resources */ = {isa = PBXBuildFile; fileRef = 1DCE61441F6D86F4007EFCE0 /* LaunchScreen.storyboard */; };
/* End PBXBuildFile section */

/* Begin PBXFileReference section */
		1DCE61351F6D86F3007EFCE0 /* Drink My Pebble Companion App.app */ = {isa = PBXFileReference; explicitFileType = wrapper.application; includeInIndex = 0; path = "Drink My Pebble Companion App.app"; sourceTree = BUILT_PRODUCTS_DIR; };
		1DCE61381F6D86F4007EFCE0 /* AppDelegate.swift */ = {isa = PBXFileReference; lastKnownFileType = sourcecode.swift; path = AppDelegate.swift; sourceTree = "<group>"; };
		1DCE613A1F6D86F4007EFCE0 /* ViewController.swift */ = {isa = PBXFileReference; lastKnownFileType = sourcecode.swift; path = ViewController.swift; sourceTree = "<group>"; };
		1DCE613D1F6D86F4007EFCE0 /* Base */ = {isa = PBXFileReference; lastKnownFileType = file.storyboard; name = Base; path = Base.lproj/Main.storyboard; sourceTree = "<group>"; };
		1DCE61401F6D86F4007EFCE0 /* Drink_My_Pebble_Companion_App.xcdatamodel */ = {isa = PBXFileReference; lastKnownFileType = wrapper.xcdatamodel; path = Drink_My_Pebble_Companion_App.xcdatamodel; sourceTree = "<group>"; };
		1DCE61421F6D86F4007EFCE0 /* Assets.xcassets */ = {isa = PBXFileReference; lastKnownFileType = folder.assetcatalog; path = Assets.xcassets; sourceTree = "<group>"; };
		1DCE61451F6D86F4007EFCE0 /* Base */ = {isa = PBXFileReference; lastKnownFileType = file.storyboard; name = Base; path = Base.lproj/LaunchScreen.storyboard; sourceTree = "<group>"; };
		1DCE61471F6D86F4007EFCE0 /* Info.plist */ = {isa = PBXFileReference; lastKnownFileType = text.plist.xml; path = Info.plist; sourceTree = "<group>"; };
		527C98C89B8BC5BBB4685785 /* Pods-Drink My Pebble Companion App.debug.xcconfig */ = {isa = PBXFileReference; includeInIndex = 1; lastKnownFileType = text.xcconfig; name = "Pods-Drink My Pebble Companion App.debug.xcconfig"; path = "Pods/Target Support Files/Pods-Drink My Pebble Companion App/Pods-Drink My Pebble Companion App.debug.xcconfig"; sourceTree = "<group>"; };
		D68033CC9A3C1AB059656995 /* Pods-Drink My Pebble Companion App.release.xcconfig */ = {isa = PBXFileReference; includeInIndex = 1; lastKnownFileType = text.xcconfig; name = "Pods-Drink My Pebble Companion App.release.xcconfig"; path = "Pods/Target Support Files/Pods-Drink My Pebble Companion App/Pods-Drink My Pebble Companion App.release.xcconfig"; sourceTree = "<group>"; };
		F08253C22A15CA80DDE51272 /* PebbleKit.framework */ = {isa = PBXFileReference; explicitFileType = wrapper.framework; includeInIndex = 0; path = PebbleKit.framework; sourceTree = BUILT_PRODUCTS_DIR; };
/* End PBXFileReference section */

/* Begin PBXFrameworksBuildPhase section */
		1DCE61321F6D86F3007EFCE0 /* Frameworks */ = {
			isa = PBXFrameworksBuildPhase;
			buildActionMask = 2147483647;
			files = (
				158309C06745C3DF0CA5B948 /* PebbleKit.framework in Frameworks */,
			);
			runOnlyForDeploymentPostprocessing = 0;
		};
/* End PBXFrameworksBuildPhase section */

/* Begin PBXGroup section */
		1DCE612C1F6D86F3007EFCE0 = {
			isa = PBXGroup;
			children = (
				1DCE61371F6D86F3007EFCE0 /* Drink My Pebble Companion App */,
				1DCE61361F6D86F3007EFCE0 /* Products */,
				D7371C4FBA1CED0F81B880F2 /* Pods */,
				52C7C99C40997E4712D884FB /* Frameworks */,
			);
			sourceTree = "<group>";
		};
		1DCE61361F6D86F3007EFCE0 /* Products */ = {
			isa = PBXGroup;
			children = (
				1DCE61351F6D86F3007EFCE0 /* Drink My Pebble Companion App.app */,
			);
			name = Products;
			sourceTree = "<group>";
		};
		1DCE61371F6D86F3007EFCE0 /* Drink My Pebble Companion App */ = {
			isa = PBXGroup;
			children = (
				1DCE61381F6D86F4007EFCE0 /* AppDelegate.swift */,
				1DCE613A1F6D86F4007EFCE0 /* ViewController.swift */,
				1DCE613C1F6D86F4007EFCE0 /* Main.storyboard */,
				1DCE61421F6D86F4007EFCE0 /* Assets.xcassets */,
				1DCE61441F6D86F4007EFCE0 /* LaunchScreen.storyboard */,
				1DCE61471F6D86F4007EFCE0 /* Info.plist */,
				1DCE613F1F6D86F4007EFCE0 /* Drink_My_Pebble_Companion_App.xcdatamodeld */,
			);
			path = "Drink My Pebble Companion App";
			sourceTree = "<group>";
		};
		52C7C99C40997E4712D884FB /* Frameworks */ = {
			isa = PBXGroup;
			children = (
				F08253C22A15CA80DDE51272 /* PebbleKit.framework */,
			);
			name = Frameworks;
			sourceTree = "<group>";
		};
		D7371C4FBA1CED0F81B880F2 /* Pods */ = {
			isa = PBXGroup;
			children = (
				527C98C89B8BC5BBB4685785 /* Pods-Drink My Pebble Companion App.debug.xcconfig */,
				D68033CC9A3C1AB059656995 /* Pods-Drink My Pebble Companion App.release.xcconfig */,
			);
			name = Pods;
			sourceTree = "<group>";
		};
/* End PBXGroup section */

/* Begin PBXNativeTarget section */
		1DCE61341F6D86F3007EFCE0 /* Drink My Pebble Companion App */ = {
			isa = PBXNativeTarget;
			buildConfigurationList = 1DCE614A1F6D86F4007EFCE0 /* Build configuration list for PBXNativeTarget "Drink My Pebble Companion App" */;
			buildPhases = (
				C87CDB82BC3F22255AF9398B /* [CP] Check Pods Manifest.lock */,
				1DCE61311F6D86F3007EFCE0 /* Sources */,
				1DCE61321F6D86F3007EFCE0 /* Frameworks */,
				1DCE61331F6D86F3007EFCE0 /* Resources */,
				B972382F84FE761850C67A9A /* [CP] Embed Pods Frameworks */,
				83E296A1ECD8011FC760B1AC /* [CP] Copy Pods Resources */,
			);
			buildRules = (
			);
			dependencies = (
			);
			name = "Drink My Pebble Companion App";
			productName = "Drink My Pebble Companion App";
			productReference = 1DCE61351F6D86F3007EFCE0 /* Drink My Pebble Companion App.app */;
			productType = "com.apple.product-type.application";
		};
/* End PBXNativeTarget section */

/* Begin PBXProject section */
		1DCE612D1F6D86F3007EFCE0 /* Project object */ = {
			isa = PBXProject;
			attributes = {
				LastSwiftUpdateCheck = 0830;
				LastUpgradeCheck = 0830;
				ORGANIZATIONNAME = "Phat Tran";
				TargetAttributes = {
					1DCE61341F6D86F3007EFCE0 = {
						CreatedOnToolsVersion = 8.3.2;
						DevelopmentTeam = 29MH628E37;
						ProvisioningStyle = Automatic;
						SystemCapabilities = {
							com.apple.BackgroundModes = {
								enabled = 1;
							};
						};
					};
				};
			};
			buildConfigurationList = 1DCE61301F6D86F3007EFCE0 /* Build configuration list for PBXProject "Drink My Pebble Companion App" */;
			compatibilityVersion = "Xcode 3.2";
			developmentRegion = English;
			hasScannedForEncodings = 0;
			knownRegions = (
				en,
				Base,
			);
			mainGroup = 1DCE612C1F6D86F3007EFCE0;
			productRefGroup = 1DCE61361F6D86F3007EFCE0 /* Products */;
			projectDirPath = "";
			projectRoot = "";
			targets = (
				1DCE61341F6D86F3007EFCE0 /* Drink My Pebble Companion App */,
			);
		};
/* End PBXProject section */

/* Begin PBXResourcesBuildPhase section */
		1DCE61331F6D86F3007EFCE0 /* Resources */ = {
			isa = PBXResourcesBuildPhase;
			buildActionMask = 2147483647;
			files = (
				1DCE61461F6D86F4007EFCE0 /* LaunchScreen.storyboard in Resources */,
				1DCE61431F6D86F4007EFCE0 /* Assets.xcassets in Resources */,
				1DCE613E1F6D86F4007EFCE0 /* Main.storyboard in Resources */,
			);
			runOnlyForDeploymentPostprocessing = 0;
		};
/* End PBXResourcesBuildPhase section */

/* Begin PBXShellScriptBuildPhase section */
		83E296A1ECD8011FC760B1AC /* [CP] Copy Pods Resources */ = {
			isa = PBXShellScriptBuildPhase;
			buildActionMask = 2147483647;
			files = (
			);
			inputPaths = (
			);
			name = "[CP] Copy Pods Resources";
			outputPaths = (
			);
			runOnlyForDeploymentPostprocessing = 0;
			shellPath = /bin/sh;
			shellScript = "\"${SRCROOT}/Pods/Target Support Files/Pods-Drink My Pebble Companion App/Pods-Drink My Pebble Companion App-resources.sh\"\n";
			showEnvVarsInLog = 0;
		};
		B972382F84FE761850C67A9A /* [CP] Embed Pods Frameworks */ = {
			isa = PBXShellScriptBuildPhase;
			buildActionMask = 2147483647;
			files = (
			);
			inputPaths = (
				"${SRCROOT}/Pods/Target Support Files/Pods-Drink My Pebble Companion App/Pods-Drink My Pebble Companion App-frameworks.sh",
				"${PODS_ROOT}/PebbleKit/PebbleKit.framework",
			);
			name = "[CP] Embed Pods Frameworks";
			outputPaths = (
				"${TARGET_BUILD_DIR}/${FRAMEWORKS_FOLDER_PATH}/PebbleKit.framework",
			);
			runOnlyForDeploymentPostprocessing = 0;
			shellPath = /bin/sh;
			shellScript = "\"${SRCROOT}/Pods/Target Support Files/Pods-Drink My Pebble Companion App/Pods-Drink My Pebble Companion App-frameworks.sh\"\n";
			showEnvVarsInLog = 0;
		};
		C87CDB82BC3F22255AF9398B /* [CP] Check Pods Manifest.lock */ = {
			isa = PBXShellScriptBuildPhase;
			buildActionMask = 2147483647;
			files = (
			);
			inputPaths = (
				"${PODS_PODFILE_DIR_PATH}/Podfile.lock",
				"${PODS_ROOT}/Manifest.lock",
			);
			name = "[CP] Check Pods Manifest.lock";
			outputPaths = (
				"$(DERIVED_FILE_DIR)/Pods-Drink My Pebble Companion App-checkManifestLockResult.txt",
			);
			runOnlyForDeploymentPostprocessing = 0;
			shellPath = /bin/sh;
			shellScript = "diff \"${PODS_PODFILE_DIR_PATH}/Podfile.lock\" \"${PODS_ROOT}/Manifest.lock\" > /dev/null\nif [ $? != 0 ] ; then\n    # print error to STDERR\n    echo \"error: The sandbox is not in sync with the Podfile.lock. Run 'pod install' or update your CocoaPods installation.\" >&2\n    exit 1\nfi\n# This output is used by Xcode 'outputs' to avoid re-running this script phase.\necho \"SUCCESS\" > \"${SCRIPT_OUTPUT_FILE_0}\"\n";
			showEnvVarsInLog = 0;
		};
/* End PBXShellScriptBuildPhase section */

/* Begin PBXSourcesBuildPhase section */
		1DCE61311F6D86F3007EFCE0 /* Sources */ = {
			isa = PBXSourcesBuildPhase;
			buildActionMask = 2147483647;
			files = (
				1DCE613B1F6D86F4007EFCE0 /* ViewController.swift in Sources */,
				1DCE61411F6D86F4007EFCE0 /* Drink_My_Pebble_Companion_App.xcdatamodeld in Sources */,
				1DCE61391F6D86F4007EFCE0 /* AppDelegate.swift in Sources */,
			);
			runOnlyForDeploymentPostprocessing = 0;
		};
/* End PBXSourcesBuildPhase section */

/* Begin PBXVariantGroup section */
		1DCE613C1F6D86F4007EFCE0 /* Main.storyboard */ = {
			isa = PBXVariantGroup;
			children = (
				1DCE613D1F6D86F4007EFCE0 /* Base */,
			);
			name = Main.storyboard;
			sourceTree = "<group>";
		};
		1DCE61441F6D86F4007EFCE0 /* LaunchScreen.storyboard */ = {
			isa = PBXVariantGroup;
			children = (
				1DCE61451F6D86F4007EFCE0 /* Base */,
			);
			name = LaunchScreen.storyboard;
			sourceTree = "<group>";
		};
/* End PBXVariantGroup section */

/* Begin XCBuildConfiguration section */
		1DCE61481F6D86F4007EFCE0 /* Debug */ = {
			isa = XCBuildConfiguration;
			buildSettings = {
				ALWAYS_SEARCH_USER_PATHS = NO;
				CLANG_ANALYZER_NONNULL = YES;
				CLANG_ANALYZER_NUMBER_OBJECT_CONVERSION = YES_AGGRESSIVE;
				CLANG_CXX_LANGUAGE_STANDARD = "gnu++0x";
				CLANG_CXX_LIBRARY = "libc++";
				CLANG_ENABLE_MODULES = YES;
				CLANG_ENABLE_OBJC_ARC = YES;
				CLANG_WARN_BOOL_CONVERSION = YES;
				CLANG_WARN_CONSTANT_CONVERSION = YES;
				CLANG_WARN_DIRECT_OBJC_ISA_USAGE = YES_ERROR;
				CLANG_WARN_DOCUMENTATION_COMMENTS = YES;
				CLANG_WARN_EMPTY_BODY = YES;
				CLANG_WARN_ENUM_CONVERSION = YES;
				CLANG_WARN_INFINITE_RECURSION = YES;
				CLANG_WARN_INT_CONVERSION = YES;
				CLANG_WARN_OBJC_ROOT_CLASS = YES_ERROR;
				CLANG_WARN_SUSPICIOUS_MOVE = YES;
				CLANG_WARN_UNREACHABLE_CODE = YES;
				CLANG_WARN__DUPLICATE_METHOD_MATCH = YES;
				"CODE_SIGN_IDENTITY[sdk=iphoneos*]" = "iPhone Developer";
				COPY_PHASE_STRIP = NO;
				DEBUG_INFORMATION_FORMAT = dwarf;
				ENABLE_STRICT_OBJC_MSGSEND = YES;
				ENABLE_TESTABILITY = YES;
				GCC_C_LANGUAGE_STANDARD = gnu99;
				GCC_DYNAMIC_NO_PIC = NO;
				GCC_NO_COMMON_BLOCKS = YES;
				GCC_OPTIMIZATION_LEVEL = 0;
				GCC_PREPROCESSOR_DEFINITIONS = (
					"DEBUG=1",
					"$(inherited)",
				);
				GCC_WARN_64_TO_32_BIT_CONVERSION = YES;
				GCC_WARN_ABOUT_RETURN_TYPE = YES_ERROR;
				GCC_WARN_UNDECLARED_SELECTOR = YES;
				GCC_WARN_UNINITIALIZED_AUTOS = YES_AGGRESSIVE;
				GCC_WARN_UNUSED_FUNCTION = YES;
				GCC_WARN_UNUSED_VARIABLE = YES;
				IPHONEOS_DEPLOYMENT_TARGET = 10.3;
				MTL_ENABLE_DEBUG_INFO = YES;
				ONLY_ACTIVE_ARCH = YES;
				SDKROOT = iphoneos;
				SWIFT_ACTIVE_COMPILATION_CONDITIONS = DEBUG;
				SWIFT_OPTIMIZATION_LEVEL = "-Onone";
			};
			name = Debug;
		};
		1DCE61491F6D86F4007EFCE0 /* Release */ = {
			isa = XCBuildConfiguration;
			buildSettings = {
				ALWAYS_SEARCH_USER_PATHS = NO;
				CLANG_ANALYZER_NONNULL = YES;
				CLANG_ANALYZER_NUMBER_OBJECT_CONVERSION = YES_AGGRESSIVE;
				CLANG_CXX_LANGUAGE_STANDARD = "gnu++0x";
				CLANG_CXX_LIBRARY = "libc++";
				CLANG_ENABLE_MODULES = YES;
				CLANG_ENABLE_OBJC_ARC = YES;
				CLANG_WARN_BOOL_CONVERSION = YES;
				CLANG_WARN_CONSTANT_CONVERSION = YES;
				CLANG_WARN_DIRECT_OBJC_ISA_USAGE = YES_ERROR;
				CLANG_WARN_DOCUMENTATION_COMMENTS = YES;
				CLANG_WARN_EMPTY_BODY = YES;
				CLANG_WARN_ENUM_CONVERSION = YES;
				CLANG_WARN_INFINITE_RECURSION = YES;
				CLANG_WARN_INT_CONVERSION = YES;
				CLANG_WARN_OBJC_ROOT_CLASS = YES_ERROR;
				CLANG_WARN_SUSPICIOUS_MOVE = YES;
				CLANG_WARN_UNREACHABLE_CODE = YES;
				CLANG_WARN__DUPLICATE_METHOD_MATCH = YES;
				"CODE_SIGN_IDENTITY[sdk=iphoneos*]" = "iPhone Developer";
				COPY_PHASE_STRIP = NO;
				DEBUG_INFORMATION_FORMAT = "dwarf-with-dsym";
				ENABLE_NS_ASSERTIONS = NO;
				ENABLE_STRICT_OBJC_MSGSEND = YES;
				GCC_C_LANGUAGE_STANDARD = gnu99;
				GCC_NO_COMMON_BLOCKS = YES;
				GCC_WARN_64_TO_32_BIT_CONVERSION = YES;
				GCC_WARN_ABOUT_RETURN_TYPE = YES_ERROR;
				GCC_WARN_UNDECLARED_SELECTOR = YES;
				GCC_WARN_UNINITIALIZED_AUTOS = YES_AGGRESSIVE;
				GCC_WARN_UNUSED_FUNCTION = YES;
				GCC_WARN_UNUSED_VARIABLE = YES;
				IPHONEOS_DEPLOYMENT_TARGET = 10.3;
				MTL_ENABLE_DEBUG_INFO = NO;
				SDKROOT = iphoneos;
				SWIFT_OPTIMIZATION_LEVEL = "-Owholemodule";
				VALIDATE_PRODUCT = YES;
			};
			name = Release;
		};
		1DCE614B1F6D86F4007EFCE0 /* Debug */ = {
			isa = XCBuildConfiguration;
			baseConfigurationReference = 527C98C89B8BC5BBB4685785 /* Pods-Drink My Pebble Companion App.debug.xcconfig */;
			buildSettings = {
				ASSETCATALOG_COMPILER_APPICON_NAME = AppIcon;
				DEVELOPMENT_TEAM = 29MH628E37;
				INFOPLIST_FILE = "Drink My Pebble Companion App/Info.plist";
				IPHONEOS_DEPLOYMENT_TARGET = 10.0;
				LD_RUNPATH_SEARCH_PATHS = "$(inherited) @executable_path/Frameworks";
				PRODUCT_BUNDLE_IDENTIFIER = "com.example.Drink-My-Pebble-Companion-App";
				PRODUCT_NAME = "$(TARGET_NAME)";
				SWIFT_VERSION = 3.0;
			};
			name = Debug;
		};
		1DCE614C1F6D86F4007EFCE0 /* Release */ = {
			isa = XCBuildConfiguration;
			baseConfigurationReference = D68033CC9A3C1AB059656995 /* Pods-Drink My Pebble Companion App.release.xcconfig */;
			buildSettings = {
				ASSETCATALOG_COMPILER_APPICON_NAME = AppIcon;
				DEVELOPMENT_TEAM = 29MH628E37;
				INFOPLIST_FILE = "Drink My Pebble Companion App/Info.plist";
				IPHONEOS_DEPLOYMENT_TARGET = 10.0;
				LD_RUNPATH_SEARCH_PATHS = "$(inherited) @executable_path/Frameworks";
				PRODUCT_BUNDLE_IDENTIFIER = "com.example.Drink-My-Pebble-Companion-App";
				PRODUCT_NAME = "$(TARGET_NAME)";
				SWIFT_VERSION = 3.0;
			};
			name = Release;
		};
/* End XCBuildConfiguration section */

/* Begin XCConfigurationList section */
		1DCE61301F6D86F3007EFCE0 /* Build configuration list for PBXProject "Drink My Pebble Companion App" */ = {
			isa = XCConfigurationList;
			buildConfigurations = (
				1DCE61481F6D86F4007EFCE0 /* Debug */,
				1DCE61491F6D86F4007EFCE0 /* Release */,
			);
			defaultConfigurationIsVisible = 0;
			defaultConfigurationName = Release;
		};
		1DCE614A1F6D86F4007EFCE0 /* Build configuration list for PBXNativeTarget "Drink My Pebble Companion App" */ = {
			isa = XCConfigurationList;
			buildConfigurations = (
				1DCE614B1F6D86F4007EFCE0 /* Debug */,
				1DCE614C1F6D86F4007EFCE0 /* Release */,
			);
			defaultConfigurationIsVisible = 0;
			defaultConfigurationName = Release;
		};
/* End XCConfigurationList section */

/* Begin XCVersionGroup section */
		1DCE613F1F6D86F4007EFCE0 /* Drink_My_Pebble_Companion_App.xcdatamodeld */ = {
			isa = XCVersionGroup;
			children = (
				1DCE61401F6D86F4007EFCE0 /* Drink_My_Pebble_Companion_App.xcdatamodel */,
			);
			currentVersion = 1DCE61401F6D86F4007EFCE0 /* Drink_My_Pebble_Companion_App.xcdatamodel */;
			path = Drink_My_Pebble_Companion_App.xcdatamodeld;
			sourceTree = "<group>";
			versionGroupType = wrapper.xcdatamodel;
		};
/* End XCVersionGroup section */
	};
	rootObject = 1DCE612D1F6D86F3007EFCE0 /* Project object */;
}
